
Microsoft Visual Studio Solution File, Format Version 12.00
# Visual Studio Version 17
VisualStudioVersion = 17.10.35201.131
MinimumVisualStudioVersion = 10.0.40219.1
Project("{FAE04EC0-301F-11D3-BF4B-00C04F79EFBC}") = "ConsoleAppETA25", "ConsoleAppETA25.csproj", "{0EF6C023-A3AA-40C5-9D41-1248B720A521}"
EndProject
Global
	GlobalSection(SolutionConfigurationPlatforms) = preSolution
		Debug|Any CPU = Debug|Any CPU
		Release|Any CPU = Release|Any CPU
	EndGlobalSection
	GlobalSection(ProjectConfigurationPlatforms) = postSolution
		{0EF6C023-A3AA-40C5-9D41-1248B720A521}.Debug|Any CPU.ActiveCfg = Debug|Any CPU
		{0EF6C023-A3AA-40C5-9D41-1248B720A521}.Debug|Any CPU.Build.0 = Debug|Any CPU
		{0EF6C023-A3AA-40C5-9D41-1248B720A521}.Release|Any CPU.ActiveCfg = Release|Any CPU
		{0EF6C023-A3AA-40C5-9D41-1248B720A521}.Release|Any CPU.Build.0 = Release|Any CPU
	EndGlobalSection
	GlobalSection(SolutionProperties) = preSolution
		HideSolutionNode = FALSE
	EndGlobalSection
	GlobalSection(ExtensibilityGlobals) = postSolution
		SolutionGuid = {8995D087-BBD9-4DFA-8E37-78B5F1EF4E13}
	EndGlobalSection
EndGlobal
